
Microsoft Visual Studio Solution File, Format Version 12.00
# Visual Studio Version 17
VisualStudioVersion = 17.1.32414.318
MinimumVisualStudioVersion = 10.0.40219.1
Project("{FAE04EC0-301F-11D3-BF4B-00C04F79EFBC}") = "Backend-API", "Backend-API.csproj", "{2D4726B9-E7A9-4AA2-9E43-A37BE254E2FC}"
EndProject
Global
	GlobalSection(SolutionConfigurationPlatforms) = preSolution
		Debug|Any CPU = Debug|Any CPU
		Release|Any CPU = Release|Any CPU
	EndGlobalSection
	GlobalSection(ProjectConfigurationPlatforms) = postSolution
		{2D4726B9-E7A9-4AA2-9E43-A37BE254E2FC}.Debug|Any CPU.ActiveCfg = Debug|Any CPU
		{2D4726B9-E7A9-4AA2-9E43-A37BE254E2FC}.Debug|Any CPU.Build.0 = Debug|Any CPU
		{2D4726B9-E7A9-4AA2-9E43-A37BE254E2FC}.Release|Any CPU.ActiveCfg = Release|Any CPU
		{2D4726B9-E7A9-4AA2-9E43-A37BE254E2FC}.Release|Any CPU.Build.0 = Release|Any CPU
	EndGlobalSection
	GlobalSection(SolutionProperties) = preSolution
		HideSolutionNode = FALSE
	EndGlobalSection
	GlobalSection(ExtensibilityGlobals) = postSolution
		SolutionGuid = {EBC7ED04-1BB0-4C5C-ACF0-AA0790F89CC6}
	EndGlobalSection
EndGlobal
